
Microsoft Visual Studio Solution File, Format Version 12.00
# Visual Studio Version 17
VisualStudioVersion = 17.7.34003.232
MinimumVisualStudioVersion = 10.0.40219.1
Project("{FAE04EC0-301F-11D3-BF4B-00C04F79EFBC}") = "Models", "Models\Models.csproj", "{7B09B2F1-0D45-42F3-8594-9078B5228FA7}"
EndProject
Project("{FAE04EC0-301F-11D3-BF4B-00C04F79EFBC}") = "Mappings", "Mappings\Mappings.csproj", "{B166F7C9-E03B-45F1-8FDC-2914546DFFD5}"
EndProject
Project("{2150E333-8FDC-42A3-9474-1A3956D46DE8}") = "Solution Items", "Solution Items", "{B76280A5-3ACD-4A85-ABF2-CBCD79B01C63}"
	ProjectSection(SolutionItems) = preProject
		conf.txt = conf.txt
	EndProjectSection
EndProject
Project("{FAE04EC0-301F-11D3-BF4B-00C04F79EFBC}") = "Connections", "Connections\Connections.csproj", "{0F3335E4-5568-4A1E-83F7-F306CCAA018D}"
EndProject
Project("{FAE04EC0-301F-11D3-BF4B-00C04F79EFBC}") = "WebApp", "WebApp\WebApp.csproj", "{DB513CC1-A6D0-40DF-8F0C-3F8936721EB0}"
EndProject
Project("{FAE04EC0-301F-11D3-BF4B-00C04F79EFBC}") = "Repositories", "Repositories\Repositories.csproj", "{689E3FAA-00AB-463C-BAD8-E8C45B9D6E8F}"
EndProject
Global
	GlobalSection(SolutionConfigurationPlatforms) = preSolution
		Debug|Any CPU = Debug|Any CPU
		Release|Any CPU = Release|Any CPU
	EndGlobalSection
	GlobalSection(ProjectConfigurationPlatforms) = postSolution
		{7B09B2F1-0D45-42F3-8594-9078B5228FA7}.Debug|Any CPU.ActiveCfg = Debug|Any CPU
		{7B09B2F1-0D45-42F3-8594-9078B5228FA7}.Debug|Any CPU.Build.0 = Debug|Any CPU
		{7B09B2F1-0D45-42F3-8594-9078B5228FA7}.Release|Any CPU.ActiveCfg = Release|Any CPU
		{7B09B2F1-0D45-42F3-8594-9078B5228FA7}.Release|Any CPU.Build.0 = Release|Any CPU
		{B166F7C9-E03B-45F1-8FDC-2914546DFFD5}.Debug|Any CPU.ActiveCfg = Debug|Any CPU
		{B166F7C9-E03B-45F1-8FDC-2914546DFFD5}.Debug|Any CPU.Build.0 = Debug|Any CPU
		{B166F7C9-E03B-45F1-8FDC-2914546DFFD5}.Release|Any CPU.ActiveCfg = Release|Any CPU
		{B166F7C9-E03B-45F1-8FDC-2914546DFFD5}.Release|Any CPU.Build.0 = Release|Any CPU
		{0F3335E4-5568-4A1E-83F7-F306CCAA018D}.Debug|Any CPU.ActiveCfg = Debug|Any CPU
		{0F3335E4-5568-4A1E-83F7-F306CCAA018D}.Debug|Any CPU.Build.0 = Debug|Any CPU
		{0F3335E4-5568-4A1E-83F7-F306CCAA018D}.Release|Any CPU.ActiveCfg = Release|Any CPU
		{0F3335E4-5568-4A1E-83F7-F306CCAA018D}.Release|Any CPU.Build.0 = Release|Any CPU
		{DB513CC1-A6D0-40DF-8F0C-3F8936721EB0}.Debug|Any CPU.ActiveCfg = Debug|Any CPU
		{DB513CC1-A6D0-40DF-8F0C-3F8936721EB0}.Debug|Any CPU.Build.0 = Debug|Any CPU
		{DB513CC1-A6D0-40DF-8F0C-3F8936721EB0}.Release|Any CPU.ActiveCfg = Release|Any CPU
		{DB513CC1-A6D0-40DF-8F0C-3F8936721EB0}.Release|Any CPU.Build.0 = Release|Any CPU
		{689E3FAA-00AB-463C-BAD8-E8C45B9D6E8F}.Debug|Any CPU.ActiveCfg = Debug|Any CPU
		{689E3FAA-00AB-463C-BAD8-E8C45B9D6E8F}.Debug|Any CPU.Build.0 = Debug|Any CPU
		{689E3FAA-00AB-463C-BAD8-E8C45B9D6E8F}.Release|Any CPU.ActiveCfg = Release|Any CPU
		{689E3FAA-00AB-463C-BAD8-E8C45B9D6E8F}.Release|Any CPU.Build.0 = Release|Any CPU
	EndGlobalSection
	GlobalSection(SolutionProperties) = preSolution
		HideSolutionNode = FALSE
	EndGlobalSection
	GlobalSection(ExtensibilityGlobals) = postSolution
		SolutionGuid = {D0949314-6512-456E-BF3B-712D6234950D}
	EndGlobalSection
EndGlobal
